
Microsoft Visual Studio Solution File, Format Version 12.00
# Visual Studio Version 16
VisualStudioVersion = 16.0.31702.278
MinimumVisualStudioVersion = 10.0.40219.1
Project("{FAE04EC0-301F-11D3-BF4B-00C04F79EFBC}") = "DemoWebApi", "DemoWebApi\DemoWebApi.csproj", "{FA54C7EA-0991-402B-BAE8-4C66EFDB25DE}"
EndProject
Global
	GlobalSection(SolutionConfigurationPlatforms) = preSolution
		Debug|Any CPU = Debug|Any CPU
		Release|Any CPU = Release|Any CPU
	EndGlobalSection
	GlobalSection(ProjectConfigurationPlatforms) = postSolution
		{FA54C7EA-0991-402B-BAE8-4C66EFDB25DE}.Debug|Any CPU.ActiveCfg = Debug|Any CPU
		{FA54C7EA-0991-402B-BAE8-4C66EFDB25DE}.Debug|Any CPU.Build.0 = Debug|Any CPU
		{FA54C7EA-0991-402B-BAE8-4C66EFDB25DE}.Release|Any CPU.ActiveCfg = Release|Any CPU
		{FA54C7EA-0991-402B-BAE8-4C66EFDB25DE}.Release|Any CPU.Build.0 = Release|Any CPU
	EndGlobalSection
	GlobalSection(SolutionProperties) = preSolution
		HideSolutionNode = FALSE
	EndGlobalSection
	GlobalSection(ExtensibilityGlobals) = postSolution
		SolutionGuid = {4A139E55-BA24-45BA-AEA9-53AD38E7E15E}
	EndGlobalSection
EndGlobal
