
Microsoft Visual Studio Solution File, Format Version 12.00
# Visual Studio Version 16
VisualStudioVersion = 16.0.31702.278
MinimumVisualStudioVersion = 10.0.40219.1
Project("{9A19103F-16F7-4668-BE54-9A1E7A4F7556}") = "DemoWebApi", "DemoWebApi\DemoWebApi.csproj", "{FA54C7EA-0991-402B-BAE8-4C66EFDB25DE}"
EndProject
Project("{2150E333-8FDC-42A3-9474-1A3956D46DE8}") = "Solution Items", "Solution Items", "{C56D7FFC-AE22-4438-BBB7-EFC6A832599E}"
EndProject
Global
	GlobalSection(SolutionConfigurationPlatforms) = preSolution
		Debug|Any CPU = Debug|Any CPU
		Release|Any CPU = Release|Any CPU
	EndGlobalSection
	GlobalSection(ProjectConfigurationPlatforms) = postSolution
		{FA54C7EA-0991-402B-BAE8-4C66EFDB25DE}.Debug|Any CPU.ActiveCfg = Debug|Any CPU
		{FA54C7EA-0991-402B-BAE8-4C66EFDB25DE}.Debug|Any CPU.Build.0 = Debug|Any CPU
		{FA54C7EA-0991-402B-BAE8-4C66EFDB25DE}.Release|Any CPU.ActiveCfg = Release|Any CPU
		{FA54C7EA-0991-402B-BAE8-4C66EFDB25DE}.Release|Any CPU.Build.0 = Release|Any CPU
	EndGlobalSection
	GlobalSection(SolutionProperties) = preSolution
		HideSolutionNode = FALSE
	EndGlobalSection
	GlobalSection(ExtensibilityGlobals) = postSolution
		SolutionGuid = {4A139E55-BA24-45BA-AEA9-53AD38E7E15E}
	EndGlobalSection
EndGlobal
